
Microsoft Visual Studio Solution File, Format Version 12.00
# Visual Studio Version 17
VisualStudioVersion = 17.8.34316.72
MinimumVisualStudioVersion = 10.0.40219.1
Project("{FAE04EC0-301F-11D3-BF4B-00C04F79EFBC}") = "Quanlykitucxa", "Quanlykitucxa\Quanlykitucxa.csproj", "{A10F8976-A3AA-4221-8C87-83B6F72909DC}"
EndProject
Global
	GlobalSection(SolutionConfigurationPlatforms) = preSolution
		Debug|Any CPU = Debug|Any CPU
		Release|Any CPU = Release|Any CPU
	EndGlobalSection
	GlobalSection(ProjectConfigurationPlatforms) = postSolution
		{A10F8976-A3AA-4221-8C87-83B6F72909DC}.Debug|Any CPU.ActiveCfg = Debug|Any CPU
		{A10F8976-A3AA-4221-8C87-83B6F72909DC}.Debug|Any CPU.Build.0 = Debug|Any CPU
		{A10F8976-A3AA-4221-8C87-83B6F72909DC}.Release|Any CPU.ActiveCfg = Release|Any CPU
		{A10F8976-A3AA-4221-8C87-83B6F72909DC}.Release|Any CPU.Build.0 = Release|Any CPU
	EndGlobalSection
	GlobalSection(SolutionProperties) = preSolution
		HideSolutionNode = FALSE
	EndGlobalSection
	GlobalSection(ExtensibilityGlobals) = postSolution
		SolutionGuid = {57BE5CCF-8826-42D8-ACE0-7E555C43D45A}
	EndGlobalSection
EndGlobal
